Microsoft Visual Studio Solution File, Format Version 12.00
# Visual Studio Version 17
VisualStudioVersion = 17.8.0.0
MinimumVisualStudioVersion = 10.0.40219.1
Project("{2150E333-8FDC-42A3-9474-1A3956D46DE8}") = "src", "src", "{C45D7E5C-2B11-46DA-8B71-A1B7F9F0AE10}"
EndProject
Project("{2150E333-8FDC-42A3-9474-1A3956D46DE8}") = "tests", "tests", "{F38AAE9C-9A02-45C5-9D45-7C8E2D2A99D2}"
EndProject
Project("{FAE04EC0-301F-11D3-BF4B-00C04F79EFBC}") = "WorkIntel", "src\WorkIntel\WorkIntel.csproj", "{8B6F2A4E-3D1B-4C7F-9E2D-0A1B5C8F4D33}"
EndProject
Project("{FAE04EC0-301F-11D3-BF4B-00C04F79EFBC}") = "WorkIntel.Tests", "tests\WorkIntel.Tests\WorkIntel.Tests.csproj", "{C7E2A4B8-4F1B-4D7F-9E2D-1B2C5D8E4F77}"
EndProject
Project("{FAE04EC0-301F-11D3-BF4B-00C04F79EFBC}") = "WorkIntel.Contracts", "src\WorkIntel.Contracts\WorkIntel.Contracts.csproj", "{1A2B3C4D-5E6F-7A8B-9C0D-1E2F3A4B5C6D}"
EndProject
Project("{FAE04EC0-301F-11D3-BF4B-00C04F79EFBC}") = "WorkIntel.Data", "src\WorkIntel.Data\WorkIntel.Data.csproj", "{2B3C4D5E-6F7A-8B9C-0D1E-2F3A4B5C6D7E}"
EndProject
Project("{FAE04EC0-301F-11D3-BF4B-00C04F79EFBC}") = "WorkIntel.Api", "src\WorkIntel.Api\WorkIntel.Api.csproj", "{3C4D5E6F-7A8B-9C0D-1E2F-3A4B5C6D7E8F}"
EndProject
Project("{FAE04EC0-301F-11D3-BF4B-00C04F79EFBC}") = "WorkIntel.Api.Tests", "tests\WorkIntel.Api.Tests\WorkIntel.Api.Tests.csproj", "{4D5E6F7A-8B9C-0D1E-2F3A-4B5C6D7E8F90}"
EndProject
Global
	GlobalSection(SolutionConfigurationPlatforms) = preSolution
		Debug|Any CPU = Debug|Any CPU
		Release|Any CPU = Release|Any CPU
	EndGlobalSection
	GlobalSection(ProjectConfigurationPlatforms) = postSolution
		{8B6F2A4E-3D1B-4C7F-9E2D-0A1B5C8F4D33}.Debug|Any CPU.ActiveCfg = Debug|Any CPU
		{8B6F2A4E-3D1B-4C7F-9E2D-0A1B5C8F4D33}.Debug|Any CPU.Build.0 = Debug|Any CPU
		{8B6F2A4E-3D1B-4C7F-9E2D-0A1B5C8F4D33}.Release|Any CPU.ActiveCfg = Release|Any CPU
		{8B6F2A4E-3D1B-4C7F-9E2D-0A1B5C8F4D33}.Release|Any CPU.Build.0 = Release|Any CPU
		{C7E2A4B8-4F1B-4D7F-9E2D-1B2C5D8E4F77}.Debug|Any CPU.ActiveCfg = Debug|Any CPU
		{C7E2A4B8-4F1B-4D7F-9E2D-1B2C5D8E4F77}.Debug|Any CPU.Build.0 = Debug|Any CPU
		{C7E2A4B8-4F1B-4D7F-9E2D-1B2C5D8E4F77}.Release|Any CPU.ActiveCfg = Release|Any CPU
		{C7E2A4B8-4F1B-4D7F-9E2D-1B2C5D8E4F77}.Release|Any CPU.Build.0 = Release|Any CPU
		{1A2B3C4D-5E6F-7A8B-9C0D-1E2F3A4B5C6D}.Debug|Any CPU.ActiveCfg = Debug|Any CPU
		{1A2B3C4D-5E6F-7A8B-9C0D-1E2F3A4B5C6D}.Debug|Any CPU.Build.0 = Debug|Any CPU
		{1A2B3C4D-5E6F-7A8B-9C0D-1E2F3A4B5C6D}.Release|Any CPU.ActiveCfg = Release|Any CPU
		{1A2B3C4D-5E6F-7A8B-9C0D-1E2F3A4B5C6D}.Release|Any CPU.Build.0 = Release|Any CPU
		{2B3C4D5E-6F7A-8B9C-0D1E-2F3A4B5C6D7E}.Debug|Any CPU.ActiveCfg = Debug|Any CPU
		{2B3C4D5E-6F7A-8B9C-0D1E-2F3A4B5C6D7E}.Debug|Any CPU.Build.0 = Debug|Any CPU
		{2B3C4D5E-6F7A-8B9C-0D1E-2F3A4B5C6D7E}.Release|Any CPU.ActiveCfg = Release|Any CPU
		{2B3C4D5E-6F7A-8B9C-0D1E-2F3A4B5C6D7E}.Release|Any CPU.Build.0 = Release|Any CPU
		{3C4D5E6F-7A8B-9C0D-1E2F-3A4B5C6D7E8F}.Debug|Any CPU.ActiveCfg = Debug|Any CPU
		{3C4D5E6F-7A8B-9C0D-1E2F-3A4B5C6D7E8F}.Debug|Any CPU.Build.0 = Debug|Any CPU
		{3C4D5E6F-7A8B-9C0D-1E2F-3A4B5C6D7E8F}.Release|Any CPU.ActiveCfg = Release|Any CPU
		{3C4D5E6F-7A8B-9C0D-1E2F-3A4B5C6D7E8F}.Release|Any CPU.Build.0 = Release|Any CPU
		{4D5E6F7A-8B9C-0D1E-2F3A-4B5C6D7E8F90}.Debug|Any CPU.ActiveCfg = Debug|Any CPU
		{4D5E6F7A-8B9C-0D1E-2F3A-4B5C6D7E8F90}.Debug|Any CPU.Build.0 = Debug|Any CPU
		{4D5E6F7A-8B9C-0D1E-2F3A-4B5C6D7E8F90}.Release|Any CPU.ActiveCfg = Release|Any CPU
		{4D5E6F7A-8B9C-0D1E-2F3A-4B5C6D7E8F90}.Release|Any CPU.Build.0 = Release|Any CPU
	EndGlobalSection
	GlobalSection(NestedProjects) = preSolution
		{8B6F2A4E-3D1B-4C7F-9E2D-0A1B5C8F4D33} = {C45D7E5C-2B11-46DA-8B71-A1B7F9F0AE10}
		{1A2B3C4D-5E6F-7A8B-9C0D-1E2F3A4B5C6D} = {C45D7E5C-2B11-46DA-8B71-A1B7F9F0AE10}
		{2B3C4D5E-6F7A-8B9C-0D1E-2F3A4B5C6D7E} = {C45D7E5C-2B11-46DA-8B71-A1B7F9F0AE10}
		{3C4D5E6F-7A8B-9C0D-1E2F-3A4B5C6D7E8F} = {C45D7E5C-2B11-46DA-8B71-A1B7F9F0AE10}
		{C7E2A4B8-4F1B-4D7F-9E2D-1B2C5D8E4F77} = {F38AAE9C-9A02-45C5-9D45-7C8E2D2A99D2}
		{4D5E6F7A-8B9C-0D1E-2F3A-4B5C6D7E8F90} = {F38AAE9C-9A02-45C5-9D45-7C8E2D2A99D2}
	EndGlobalSection
	GlobalSection(SolutionProperties) = preSolution
		HideSolutionNode = FALSE
	EndGlobalSection
EndGlobal
